{
    "name": "@wiggly-games/markov-chains",
    "version": "2.1.0",
    "lockfileVersion": 2,
    "requires": true,
    "packages": {
        "": {
            "name": "@wiggly-games/markov-chains",
            "version": "2.1.0",
            "license": "ISC",
            "dependencies": {
                "@wiggly-games/data-structures": "^1.0.1",
                "@wiggly-games/files": "^1.0.3"
            },
            "devDependencies": {
                "@types/node": "latest"
            }
        },
        "node_modules/@types/node": {
            "version": "20.12.12",
            "resolved": "https://registry.npmjs.org/@types/node/-/node-20.12.12.tgz",
            "integrity": "sha512-eWLDGF/FOSPtAvEqeRAQ4C8LSA7M1I7i0ky1I8U7kD1J5ITyW3AsRhQrKVoWf5pFKZ2kILsEGJhsI9r93PYnOw==",
            "dev": true,
            "dependencies": {
                "undici-types": "~5.26.4"
            }
        },
        "node_modules/@wiggly-games/data-structures": {
            "version": "1.0.1",
            "resolved": "https://npm.pkg.github.com/download/@wiggly-games/data-structures/1.0.1/57e218e9c3891ed30bb8af3f7ccaa37929013494",
            "integrity": "sha512-w+n055yEujxZFolHgVqkrhk1gAmV8TePuhS6mn5ILsX6U9xOZzVN189Nbulm12M1ABlcJri8PlDH4Awmv+Uo9Q==",
            "license": "ISC"
        },
        "node_modules/@wiggly-games/files": {
            "version": "1.0.3",
            "resolved": "https://npm.pkg.github.com/download/@wiggly-games/files/1.0.3/757a13ee0d6955259e7343e4eb830431e07a1a11",
            "integrity": "sha512-g/kFqWTbA/XA+H8pf7Me1qwP1DRi0hSPu+aJ3DyKu2k/vtSvcPi5L/tXbpoCtAze7jZUgkwSBb+wlhByFuPUbA==",
            "license": "ISC"
        },
        "node_modules/undici-types": {
            "version": "5.26.5",
            "resolved": "https://registry.npmjs.org/undici-types/-/undici-types-5.26.5.tgz",
            "integrity": "sha512-JlCMO+ehdEIKqlFxk6IfVoAUVmgz7cU7zD/h9XZ0qzeosSHmUJVOzSQvvYSYWXkFXC+IfLKSIffhv0sVZup6pA==",
            "dev": true
        }
    },
    "dependencies": {
        "@types/node": {
            "version": "20.12.12",
            "resolved": "https://registry.npmjs.org/@types/node/-/node-20.12.12.tgz",
            "integrity": "sha512-eWLDGF/FOSPtAvEqeRAQ4C8LSA7M1I7i0ky1I8U7kD1J5ITyW3AsRhQrKVoWf5pFKZ2kILsEGJhsI9r93PYnOw==",
            "dev": true,
            "requires": {
                "undici-types": "~5.26.4"
            }
        },
        "@wiggly-games/data-structures": {
            "version": "1.0.1",
            "resolved": "https://npm.pkg.github.com/download/@wiggly-games/data-structures/1.0.1/57e218e9c3891ed30bb8af3f7ccaa37929013494",
            "integrity": "sha512-w+n055yEujxZFolHgVqkrhk1gAmV8TePuhS6mn5ILsX6U9xOZzVN189Nbulm12M1ABlcJri8PlDH4Awmv+Uo9Q=="
        },
        "@wiggly-games/files": {
            "version": "1.0.3",
            "resolved": "https://npm.pkg.github.com/download/@wiggly-games/files/1.0.3/757a13ee0d6955259e7343e4eb830431e07a1a11",
            "integrity": "sha512-g/kFqWTbA/XA+H8pf7Me1qwP1DRi0hSPu+aJ3DyKu2k/vtSvcPi5L/tXbpoCtAze7jZUgkwSBb+wlhByFuPUbA=="
        },
        "undici-types": {
            "version": "5.26.5",
            "resolved": "https://registry.npmjs.org/undici-types/-/undici-types-5.26.5.tgz",
            "integrity": "sha512-JlCMO+ehdEIKqlFxk6IfVoAUVmgz7cU7zD/h9XZ0qzeosSHmUJVOzSQvvYSYWXkFXC+IfLKSIffhv0sVZup6pA==",
            "dev": true
        }
    }
}
