{
    "name": "@wiggly-games/markov-chains",
    "version": "4.0.0",
    "lockfileVersion": 2,
    "requires": true,
    "packages": {
        "": {
            "name": "@wiggly-games/markov-chains",
            "version": "4.0.0",
            "license": "ISC",
            "dependencies": {
                "@wiggly-games/data-structures": "^2.0.3",
                "@wiggly-games/files": "^1.1.1",
                "@wiggly-games/node-readline": "^1.0.1"
            },
            "devDependencies": {
                "@types/node": "latest"
            }
        },
        "node_modules/@types/node": {
            "version": "20.12.12",
            "resolved": "https://registry.npmjs.org/@types/node/-/node-20.12.12.tgz",
            "integrity": "sha512-eWLDGF/FOSPtAvEqeRAQ4C8LSA7M1I7i0ky1I8U7kD1J5ITyW3AsRhQrKVoWf5pFKZ2kILsEGJhsI9r93PYnOw==",
            "dev": true,
            "dependencies": {
                "undici-types": "~5.26.4"
            }
        },
        "node_modules/@wiggly-games/data-structures": {
            "version": "2.0.3",
            "resolved": "https://npm.pkg.github.com/download/@wiggly-games/data-structures/2.0.3/460851249b369cdb65e3e0ac55613ba2996c82a2",
            "integrity": "sha512-gcgobRIh8g5iSZB5sIVyLMqN24U3sgNBkaHrRPGAqnrEEwLpfILvdr/yxkgJmzyPIP553Q0p1hhnGBtKmPdL5w==",
            "license": "ISC",
            "dependencies": {
                "@wiggly-games/files": "^1.1.3",
                "@wiggly-games/node-readline": "^1.0.1"
            }
        },
        "node_modules/@wiggly-games/files": {
            "version": "1.1.3",
            "resolved": "https://npm.pkg.github.com/download/@wiggly-games/files/1.1.3/a4fdb1e872b660237a0bedff63c37824f132343c",
            "integrity": "sha512-VuRJU7jX4E89FIK1ohOrkrzJCjizChyzWJn/EGej2DmcgT0REQvVUXCuGm3cQV7ydSV9KJQsLQBNzwz34n6hQg==",
            "license": "ISC"
        },
        "node_modules/@wiggly-games/node-readline": {
            "version": "1.0.1",
            "resolved": "https://npm.pkg.github.com/download/@wiggly-games/node-readline/1.0.1/62837275964b51d28a85001eefcecd22e782e80a",
            "integrity": "sha512-Vd7KWU0/SVwrGYDwEEjx7XU8mIRwqRO6yHBKmz5MLtrbjCj4FB9nDefbdJD1nAmZjORqrixGOhc8SijhRyNzJQ==",
            "hasInstallScript": true,
            "license": "ISC"
        },
        "node_modules/undici-types": {
            "version": "5.26.5",
            "resolved": "https://registry.npmjs.org/undici-types/-/undici-types-5.26.5.tgz",
            "integrity": "sha512-JlCMO+ehdEIKqlFxk6IfVoAUVmgz7cU7zD/h9XZ0qzeosSHmUJVOzSQvvYSYWXkFXC+IfLKSIffhv0sVZup6pA==",
            "dev": true
        }
    },
    "dependencies": {
        "@types/node": {
            "version": "20.12.12",
            "resolved": "https://registry.npmjs.org/@types/node/-/node-20.12.12.tgz",
            "integrity": "sha512-eWLDGF/FOSPtAvEqeRAQ4C8LSA7M1I7i0ky1I8U7kD1J5ITyW3AsRhQrKVoWf5pFKZ2kILsEGJhsI9r93PYnOw==",
            "dev": true,
            "requires": {
                "undici-types": "~5.26.4"
            }
        },
        "@wiggly-games/data-structures": {
            "version": "2.0.3",
            "resolved": "https://npm.pkg.github.com/download/@wiggly-games/data-structures/2.0.3/460851249b369cdb65e3e0ac55613ba2996c82a2",
            "integrity": "sha512-gcgobRIh8g5iSZB5sIVyLMqN24U3sgNBkaHrRPGAqnrEEwLpfILvdr/yxkgJmzyPIP553Q0p1hhnGBtKmPdL5w==",
            "requires": {
                "@wiggly-games/files": "^1.1.3",
                "@wiggly-games/node-readline": "^1.0.1"
            }
        },
        "@wiggly-games/files": {
            "version": "1.1.3",
            "resolved": "https://npm.pkg.github.com/download/@wiggly-games/files/1.1.3/a4fdb1e872b660237a0bedff63c37824f132343c",
            "integrity": "sha512-VuRJU7jX4E89FIK1ohOrkrzJCjizChyzWJn/EGej2DmcgT0REQvVUXCuGm3cQV7ydSV9KJQsLQBNzwz34n6hQg=="
        },
        "@wiggly-games/node-readline": {
            "version": "1.0.1",
            "resolved": "https://npm.pkg.github.com/download/@wiggly-games/node-readline/1.0.1/62837275964b51d28a85001eefcecd22e782e80a",
            "integrity": "sha512-Vd7KWU0/SVwrGYDwEEjx7XU8mIRwqRO6yHBKmz5MLtrbjCj4FB9nDefbdJD1nAmZjORqrixGOhc8SijhRyNzJQ=="
        },
        "undici-types": {
            "version": "5.26.5",
            "resolved": "https://registry.npmjs.org/undici-types/-/undici-types-5.26.5.tgz",
            "integrity": "sha512-JlCMO+ehdEIKqlFxk6IfVoAUVmgz7cU7zD/h9XZ0qzeosSHmUJVOzSQvvYSYWXkFXC+IfLKSIffhv0sVZup6pA==",
            "dev": true
        }
    }
}
